PODS:
  - AWSAuthCore (2.6.21):
    - AWSCore (= 2.6.21)
  - AWSCore (2.6.21)
  - AWSMobileClient (2.6.21):
    - AWSAuthCore (= 2.6.21)
  - Bolts (1.9.0):
    - Bolts/AppLinks (= 1.9.0)
    - Bolts/Tasks (= 1.9.0)
  - Bolts/AppLinks (1.9.0):
    - Bolts/Tasks
  - Bolts/Tasks (1.9.0)
  - FBSDKCoreKit (4.33.0):
    - Bolts (~> 1.7)
  - FBSDKLoginKit (4.33.0):
    - FBSDKCoreKit

DEPENDENCIES:
  - AWSMobileClient (~> 2.6.13)
  - FBSDKLoginKit

SPEC REPOS:
  https://github.com/cocoapods/specs.git:
    - AWSAuthCore
    - AWSCore
    - AWSMobileClient
    - Bolts
    - FBSDKCoreKit
    - FBSDKLoginKit

SPEC CHECKSUMS:
  AWSAuthCore: f912e4f032092818ee21860a44386c485329a92b
  AWSCore: a1ff1d32ea7af235fe64be301c204b34cb1f9f83
  AWSMobileClient: f61ef1ca52cf561a3831f4c29b8bfc43234db8f3
  Bolts: ac6567323eac61e203f6a9763667d0f711be34c8
  FBSDKCoreKit: 572b047a7e029bc44542bcf8a59414e7ff2b543e
  FBSDKLoginKit: 88cb456349cfb3b554427ce4f8b43729d85dfb40

PODFILE CHECKSUM: 8c7438063c85bc7ea0902f52a4aad28e2a822b22

COCOAPODS: 1.5.3
